
Microsoft Visual Studio Solution File, Format Version 12.00
# Visual Studio Version 17
VisualStudioVersion = 17.14.36915.13 d17.14
MinimumVisualStudioVersion = 10.0.40219.1
Project("{FAE04EC0-301F-11D3-BF4B-00C04F79EFBC}") = "prueba", "prueba\prueba.csproj", "{A343ED14-CE15-4659-8691-4EBD18883DB9}"
EndProject
Global
	GlobalSection(SolutionConfigurationPlatforms) = preSolution
		Debug|Any CPU = Debug|Any CPU
		Release|Any CPU = Release|Any CPU
	EndGlobalSection
	GlobalSection(ProjectConfigurationPlatforms) = postSolution
		{A343ED14-CE15-4659-8691-4EBD18883DB9}.Debug|Any CPU.ActiveCfg = Debug|Any CPU
		{A343ED14-CE15-4659-8691-4EBD18883DB9}.Debug|Any CPU.Build.0 = Debug|Any CPU
		{A343ED14-CE15-4659-8691-4EBD18883DB9}.Release|Any CPU.ActiveCfg = Release|Any CPU
		{A343ED14-CE15-4659-8691-4EBD18883DB9}.Release|Any CPU.Build.0 = Release|Any CPU
	EndGlobalSection
	GlobalSection(SolutionProperties) = preSolution
		HideSolutionNode = FALSE
	EndGlobalSection
	GlobalSection(ExtensibilityGlobals) = postSolution
		SolutionGuid = {5DB508BC-6764-4FFD-8EEF-13D124B0E27B}
	EndGlobalSection
EndGlobal
